// !$*UTF8*$!
{
	archiveVersion = 1;
	classes = {
	};
	objectVersion = 77;
	objects = {

/* Begin PBXContainerItemProxy section */
		28B62EBB2F90308000B058D9 /* PBXContainerItemProxy */ = {
			isa = PBXContainerItemProxy;
			containerPortal = 28B62EA22F90307E00B058D9 /* Project object */;
			proxyType = 1;
			remoteGlobalIDString = 28B62EA92F90307E00B058D9;
			remoteInfo = "Wu-tang App";
		};
		28B62EC52F90308000B058D9 /* PBXContainerItemProxy */ = {
			isa = PBXContainerItemProxy;
			containerPortal = 28B62EA22F90307E00B058D9 /* Project object */;
			proxyType = 1;
			remoteGlobalIDString = 28B62EA92F90307E00B058D9;
			remoteInfo = "Wu-tang App";
		};
/* End PBXContainerItemProxy section */

/* Begin PBXFileReference section */
		28B62EAA2F90307E00B058D9 /* Wu-tang App.app */ = {isa = PBXFileReference; explicitFileType = wrapper.application; includeInIndex = 0; path = "Wu-tang App.app"; sourceTree = BUILT_PRODUCTS_DIR; };
		28B62EBA2F90308000B058D9 /* Wu-tang AppTests.xctest */ = {isa = PBXFileReference; explicitFileType = wrapper.cfbundle; includeInIndex = 0; path = "Wu-tang AppTests.xctest"; sourceTree = BUILT_PRODUCTS_DIR; };
		28B62EC42F90308000B058D9 /* Wu-tang AppUITests.xctest */ = {isa = PBXFileReference; explicitFileType = wrapper.cfbundle; includeInIndex = 0; path = "Wu-tang AppUITests.xctest"; sourceTree = BUILT_PRODUCTS_DIR; };
/* End PBXFileReference section */

/* Begin PBXFileSystemSynchronizedRootGroup section */
		28B62EAC2F90307E00B058D9 /* Wu-tang App */ = {
			isa = PBXFileSystemSynchronizedRootGroup;
			path = "Wu-tang App";
			sourceTree = "<group>";
		};
		28B62EBD2F90308000B058D9 /* Wu-tang AppTests */ = {
			isa = PBXFileSystemSynchronizedRootGroup;
			path = "Wu-tang AppTests";
			sourceTree = "<group>";
		};
		28B62EC72F90308000B058D9 /* Wu-tang AppUITests */ = {
			isa = PBXFileSystemSynchronizedRootGroup;
			path = "Wu-tang AppUITests";
			sourceTree = "<group>";
		};
/* End PBXFileSystemSynchronizedRootGroup section */

/* Begin PBXFrameworksBuildPhase section */
		28B62EA72F90307E00B058D9 /* Frameworks */ = {
			isa = PBXFrameworksBuildPhase;
			buildActionMask = 2147483647;
			files = (
			);
			runOnlyForDeploymentPostprocessing = 0;
		};
		28B62EB72F90308000B058D9 /* Frameworks */ = {
			isa = PBXFrameworksBuildPhase;
			buildActionMask = 2147483647;
			files = (
			);
			runOnlyForDeploymentPostprocessing = 0;
		};
		28B62EC12F90308000B058D9 /* Frameworks */ = {
			isa = PBXFrameworksBuildPhase;
			buildActionMask = 2147483647;
			files = (
			);
			runOnlyForDeploymentPostprocessing = 0;
		};
/* End PBXFrameworksBuildPhase section */

/* Begin PBXGroup section */
		28B62EA12F90307E00B058D9 = {
			isa = PBXGroup;
			children = (
				28B62EAC2F90307E00B058D9 /* Wu-tang App */,
				28B62EBD2F90308000B058D9 /* Wu-tang AppTests */,
				28B62EC72F90308000B058D9 /* Wu-tang AppUITests */,
				28B62EAB2F90307E00B058D9 /* Products */,
			);
			sourceTree = "<group>";
		};
		28B62EAB2F90307E00B058D9 /* Products */ = {
			isa = PBXGroup;
			children = (
				28B62EAA2F90307E00B058D9 /* Wu-tang App.app */,
				28B62EBA2F90308000B058D9 /* Wu-tang AppTests.xctest */,
				28B62EC42F90308000B058D9 /* Wu-tang AppUITests.xctest */,
			);
			name = Products;
			sourceTree = "<group>";
		};
/* End PBXGroup section */

/* Begin PBXNativeTarget section */
		28B62EA92F90307E00B058D9 /* Wu-tang App */ = {
			isa = PBXNativeTarget;
			buildConfigurationList = 28B62ECE2F90308000B058D9 /* Build configuration list for PBXNativeTarget "Wu-tang App" */;
			buildPhases = (
				28B62EA62F90307E00B058D9 /* Sources */,
				28B62EA72F90307E00B058D9 /* Frameworks */,
				28B62EA82F90307E00B058D9 /* Resources */,
			);
			buildRules = (
			);
			dependencies = (
			);
			fileSystemSynchronizedGroups = (
				28B62EAC2F90307E00B058D9 /* Wu-tang App */,
			);
			name = "Wu-tang App";
			packageProductDependencies = (
			);
			productName = "Wu-tang App";
			productReference = 28B62EAA2F90307E00B058D9 /* Wu-tang App.app */;
			productType = "com.apple.product-type.application";
		};
		28B62EB92F90308000B058D9 /* Wu-tang AppTests */ = {
			isa = PBXNativeTarget;
			buildConfigurationList = 28B62ED12F90308000B058D9 /* Build configuration list for PBXNativeTarget "Wu-tang AppTests" */;
			buildPhases = (
				28B62EB62F90308000B058D9 /* Sources */,
				28B62EB72F90308000B058D9 /* Frameworks */,
				28B62EB82F90308000B058D9 /* Resources */,
			);
			buildRules = (
			);
			dependencies = (
				28B62EBC2F90308000B058D9 /* PBXTargetDependency */,
			);
			fileSystemSynchronizedGroups = (
				28B62EBD2F90308000B058D9 /* Wu-tang AppTests */,
			);
			name = "Wu-tang AppTests";
			packageProductDependencies = (
			);
			productName = "Wu-tang AppTests";
			productReference = 28B62EBA2F90308000B058D9 /* Wu-tang AppTests.xctest */;
			productType = "com.apple.product-type.bundle.unit-test";
		};
		28B62EC32F90308000B058D9 /* Wu-tang AppUITests */ = {
			isa = PBXNativeTarget;
			buildConfigurationList = 28B62ED42F90308000B058D9 /* Build configuration list for PBXNativeTarget "Wu-tang AppUITests" */;
			buildPhases = (
				28B62EC02F90308000B058D9 /* Sources */,
				28B62EC12F90308000B058D9 /* Frameworks */,
				28B62EC22F90308000B058D9 /* Resources */,
			);
			buildRules = (
			);
			dependencies = (
				28B62EC62F90308000B058D9 /* PBXTargetDependency */,
			);
			fileSystemSynchronizedGroups = (
				28B62EC72F90308000B058D9 /* Wu-tang AppUITests */,
			);
			name = "Wu-tang AppUITests";
			packageProductDependencies = (
			);
			productName = "Wu-tang AppUITests";
			productReference = 28B62EC42F90308000B058D9 /* Wu-tang AppUITests.xctest */;
			productType = "com.apple.product-type.bundle.ui-testing";
		};
/* End PBXNativeTarget section */

/* Begin PBXProject section */
		28B62EA22F90307E00B058D9 /* Project object */ = {
			isa = PBXProject;
			attributes = {
				BuildIndependentTargetsInParallel = 1;
				LastSwiftUpdateCheck = 1620;
				LastUpgradeCheck = 1620;
				TargetAttributes = {
					28B62EA92F90307E00B058D9 = {
						CreatedOnToolsVersion = 16.2;
					};
					28B62EB92F90308000B058D9 = {
						CreatedOnToolsVersion = 16.2;
						TestTargetID = 28B62EA92F90307E00B058D9;
					};
					28B62EC32F90308000B058D9 = {
						CreatedOnToolsVersion = 16.2;
						TestTargetID = 28B62EA92F90307E00B058D9;
					};
				};
			};
			buildConfigurationList = 28B62EA52F90307E00B058D9 /* Build configuration list for PBXProject "Wu-tang App" */;
			developmentRegion = en;
			hasScannedForEncodings = 0;
			knownRegions = (
				en,
				Base,
			);
			mainGroup = 28B62EA12F90307E00B058D9;
			minimizedProjectReferenceProxies = 1;
			preferredProjectObjectVersion = 77;
			productRefGroup = 28B62EAB2F90307E00B058D9 /* Products */;
			projectDirPath = "";
			projectRoot = "";
			targets = (
				28B62EA92F90307E00B058D9 /* Wu-tang App */,
				28B62EB92F90308000B058D9 /* Wu-tang AppTests */,
				28B62EC32F90308000B058D9 /* Wu-tang AppUITests */,
			);
		};
/* End PBXProject section */

/* Begin PBXResourcesBuildPhase section */
		28B62EA82F90307E00B058D9 /* Resources */ = {
			isa = PBXResourcesBuildPhase;
			buildActionMask = 2147483647;
			files = (
			);
			runOnlyForDeploymentPostprocessing = 0;
		};
		28B62EB82F90308000B058D9 /* Resources */ = {
			isa = PBXResourcesBuildPhase;
			buildActionMask = 2147483647;
			files = (
			);
			runOnlyForDeploymentPostprocessing = 0;
		};
		28B62EC22F90308000B058D9 /* Resources */ = {
			isa = PBXResourcesBuildPhase;
			buildActionMask = 2147483647;
			files = (
			);
			runOnlyForDeploymentPostprocessing = 0;
		};
/* End PBXResourcesBuildPhase section */

/* Begin PBXSourcesBuildPhase section */
		28B62EA62F90307E00B058D9 /* Sources */ = {
			isa = PBXSourcesBuildPhase;
			buildActionMask = 2147483647;
			files = (
			);
			runOnlyForDeploymentPostprocessing = 0;
		};
		28B62EB62F90308000B058D9 /* Sources */ = {
			isa = PBXSourcesBuildPhase;
			buildActionMask = 2147483647;
			files = (
			);
			runOnlyForDeploymentPostprocessing = 0;
		};
		28B62EC02F90308000B058D9 /* Sources */ = {
			isa = PBXSourcesBuildPhase;
			buildActionMask = 2147483647;
			files = (
			);
			runOnlyForDeploymentPostprocessing = 0;
		};
/* End PBXSourcesBuildPhase section */

/* Begin PBXTargetDependency section */
		28B62EBC2F90308000B058D9 /* PBXTargetDependency */ = {
			isa = PBXTargetDependency;
			target = 28B62EA92F90307E00B058D9 /* Wu-tang App */;
			targetProxy = 28B62EBB2F90308000B058D9 /* PBXContainerItemProxy */;
		};
		28B62EC62F90308000B058D9 /* PBXTargetDependency */ = {
			isa = PBXTargetDependency;
			target = 28B62EA92F90307E00B058D9 /* Wu-tang App */;
			targetProxy = 28B62EC52F90308000B058D9 /* PBXContainerItemProxy */;
		};
/* End PBXTargetDependency section */

/* Begin XCBuildConfiguration section */
		28B62ECC2F90308000B058D9 /* Debug */ = {
			isa = XCBuildConfiguration;
			buildSettings = {
				ALWAYS_SEARCH_USER_PATHS = NO;
				ASSETCATALOG_COMPILER_GENERATE_SWIFT_ASSET_SYMBOL_EXTENSIONS = YES;
				CLANG_ANALYZER_NONNULL = YES;
				CLANG_ANALYZER_NUMBER_OBJECT_CONVERSION = YES_AGGRESSIVE;
				CLANG_CXX_LANGUAGE_STANDARD = "gnu++20";
				CLANG_ENABLE_MODULES = YES;
				CLANG_ENABLE_OBJC_ARC = YES;
				CLANG_ENABLE_OBJC_WEAK = YES;
				CLANG_WARN_BLOCK_CAPTURE_AUTORELEASING = YES;
				CLANG_WARN_BOOL_CONVERSION = YES;
				CLANG_WARN_COMMA = YES;
				CLANG_WARN_CONSTANT_CONVERSION = YES;
				CLANG_WARN_DEPRECATED_OBJC_IMPLEMENTATIONS = YES;
				CLANG_WARN_DIRECT_OBJC_ISA_USAGE = YES_ERROR;
				CLANG_WARN_DOCUMENTATION_COMMENTS = YES;
				CLANG_WARN_EMPTY_BODY = YES;
				CLANG_WARN_ENUM_CONVERSION = YES;
				CLANG_WARN_INFINITE_RECURSION = YES;
				CLANG_WARN_INT_CONVERSION = YES;
				CLANG_WARN_NON_LITERAL_NULL_CONVERSION = YES;
				CLANG_WARN_OBJC_IMPLICIT_RETAIN_SELF = YES;
				CLANG_WARN_OBJC_LITERAL_CONVERSION = YES;
				CLANG_WARN_OBJC_ROOT_CLASS = YES_ERROR;
				CLANG_WARN_QUOTED_INCLUDE_IN_FRAMEWORK_HEADER = YES;
				CLANG_WARN_RANGE_LOOP_ANALYSIS = YES;
				CLANG_WARN_STRICT_PROTOTYPES = YES;
				CLANG_WARN_SUSPICIOUS_MOVE = YES;
				CLANG_WARN_UNGUARDED_AVAILABILITY = YES_AGGRESSIVE;
				CLANG_WARN_UNREACHABLE_CODE = YES;
				CLANG_WARN__DUPLICATE_METHOD_MATCH = YES;
				COPY_PHASE_STRIP = NO;
				DEBUG_INFORMATION_FORMAT = dwarf;
				ENABLE_STRICT_OBJC_MSGSEND = YES;
				ENABLE_TESTABILITY = YES;
				ENABLE_USER_SCRIPT_SANDBOXING = YES;
				GCC_C_LANGUAGE_STANDARD = gnu17;
				GCC_DYNAMIC_NO_PIC = NO;
				GCC_NO_COMMON_BLOCKS = YES;
				GCC_OPTIMIZATION_LEVEL = 0;
				GCC_PREPROCESSOR_DEFINITIONS = (
					"DEBUG=1",
					"$(inherited)",
				);
				GCC_WARN_64_TO_32_BIT_CONVERSION = YES;
				GCC_WARN_ABOUT_RETURN_TYPE = YES_ERROR;
				GCC_WARN_UNDECLARED_SELECTOR = YES;
				GCC_WARN_UNINITIALIZED_AUTOS = YES_AGGRESSIVE;
				GCC_WARN_UNUSED_FUNCTION = YES;
				GCC_WARN_UNUSED_VARIABLE = YES;
				IPHONEOS_DEPLOYMENT_TARGET = 18.2;
				LOCALIZATION_PREFERS_STRING_CATALOGS = YES;
				MTL_ENABLE_DEBUG_INFO = INCLUDE_SOURCE;
				MTL_FAST_MATH = YES;
				ONLY_ACTIVE_ARCH = YES;
				SDKROOT = iphoneos;
				SWIFT_ACTIVE_COMPILATION_CONDITIONS = "DEBUG $(inherited)";
				SWIFT_OPTIMIZATION_LEVEL = "-Onone";
			};
			name = Debug;
		};
		28B62ECD2F90308000B058D9 /* Release */ = {
			isa = XCBuildConfiguration;
			buildSettings = {
				ALWAYS_SEARCH_USER_PATHS = NO;
				ASSETCATALOG_COMPILER_GENERATE_SWIFT_ASSET_SYMBOL_EXTENSIONS = YES;
				CLANG_ANALYZER_NONNULL = YES;
				CLANG_ANALYZER_NUMBER_OBJECT_CONVERSION = YES_AGGRESSIVE;
				CLANG_CXX_LANGUAGE_STANDARD = "gnu++20";
				CLANG_ENABLE_MODULES = YES;
				CLANG_ENABLE_OBJC_ARC = YES;
				CLANG_ENABLE_OBJC_WEAK = YES;
				CLANG_WARN_BLOCK_CAPTURE_AUTORELEASING = YES;
				CLANG_WARN_BOOL_CONVERSION = YES;
				CLANG_WARN_COMMA = YES;
				CLANG_WARN_CONSTANT_CONVERSION = YES;
				CLANG_WARN_DEPRECATED_OBJC_IMPLEMENTATIONS = YES;
				CLANG_WARN_DIRECT_OBJC_ISA_USAGE = YES_ERROR;
				CLANG_WARN_DOCUMENTATION_COMMENTS = YES;
				CLANG_WARN_EMPTY_BODY = YES;
				CLANG_WARN_ENUM_CONVERSION = YES;
				CLANG_WARN_INFINITE_RECURSION = YES;
				CLANG_WARN_INT_CONVERSION = YES;
				CLANG_WARN_NON_LITERAL_NULL_CONVERSION = YES;
				CLANG_WARN_OBJC_IMPLICIT_RETAIN_SELF = YES;
				CLANG_WARN_OBJC_LITERAL_CONVERSION = YES;
				CLANG_WARN_OBJC_ROOT_CLASS = YES_ERROR;
				CLANG_WARN_QUOTED_INCLUDE_IN_FRAMEWORK_HEADER = YES;
				CLANG_WARN_RANGE_LOOP_ANALYSIS = YES;
				CLANG_WARN_STRICT_PROTOTYPES = YES;
				CLANG_WARN_SUSPICIOUS_MOVE = YES;
				CLANG_WARN_UNGUARDED_AVAILABILITY = YES_AGGRESSIVE;
				CLANG_WARN_UNREACHABLE_CODE = YES;
				CLANG_WARN__DUPLICATE_METHOD_MATCH = YES;
				COPY_PHASE_STRIP = NO;
				DEBUG_INFORMATION_FORMAT = "dwarf-with-dsym";
				ENABLE_NS_ASSERTIONS = NO;
				ENABLE_STRICT_OBJC_MSGSEND = YES;
				ENABLE_USER_SCRIPT_SANDBOXING = YES;
				GCC_C_LANGUAGE_STANDARD = gnu17;
				GCC_NO_COMMON_BLOCKS = YES;
				GCC_WARN_64_TO_32_BIT_CONVERSION = YES;
				GCC_WARN_ABOUT_RETURN_TYPE = YES_ERROR;
				GCC_WARN_UNDECLARED_SELECTOR = YES;
				GCC_WARN_UNINITIALIZED_AUTOS = YES_AGGRESSIVE;
				GCC_WARN_UNUSED_FUNCTION = YES;
				GCC_WARN_UNUSED_VARIABLE = YES;
				IPHONEOS_DEPLOYMENT_TARGET = 18.2;
				LOCALIZATION_PREFERS_STRING_CATALOGS = YES;
				MTL_ENABLE_DEBUG_INFO = NO;
				MTL_FAST_MATH = YES;
				SDKROOT = iphoneos;
				SWIFT_COMPILATION_MODE = wholemodule;
				VALIDATE_PRODUCT = YES;
			};
			name = Release;
		};
		28B62ECF2F90308000B058D9 /* Debug */ = {
			isa = XCBuildConfiguration;
			buildSettings = {
				ASSETCATALOG_COMPILER_APPICON_NAME = AppIcon;
				ASSETCATALOG_COMPILER_GLOBAL_ACCENT_COLOR_NAME = AccentColor;
				CODE_SIGN_STYLE = Automatic;
				CURRENT_PROJECT_VERSION = 1;
				DEVELOPMENT_ASSET_PATHS = "\"Wu-tang App/Preview Content\"";
				ENABLE_PREVIEWS = YES;
				GENERATE_INFOPLIST_FILE = YES;
				INFOPLIST_KEY_UIApplicationSceneManifest_Generation = YES;
				INFOPLIST_KEY_UIApplicationSupportsIndirectInputEvents = YES;
				INFOPLIST_KEY_UILaunchScreen_Generation = YES;
				INFOPLIST_KEY_UISupportedInterfaceOrientations_iPad = "UIInterfaceOrientationPortrait UIInterfaceOrientationPortraitUpsideDown UIInterfaceOrientationLandscapeLeft UIInterfaceOrientationLandscapeRight";
				INFOPLIST_KEY_UISupportedInterfaceOrientations_iPhone = "UIInterfaceOrientationPortrait UIInterfaceOrientationLandscapeLeft UIInterfaceOrientationLandscapeRight";
				LD_RUNPATH_SEARCH_PATHS = (
					"$(inherited)",
					"@executable_path/Frameworks",
				);
				MARKETING_VERSION = 1.0;
				PRODUCT_BUNDLE_IDENTIFIER = "preciado.Wu-tang-App";
				PRODUCT_NAME = "$(TARGET_NAME)";
				SWIFT_EMIT_LOC_STRINGS = YES;
				SWIFT_VERSION = 5.0;
				TARGETED_DEVICE_FAMILY = "1,2";
			};
			name = Debug;
		};
		28B62ED02F90308000B058D9 /* Release */ = {
			isa = XCBuildConfiguration;
			buildSettings = {
				ASSETCATALOG_COMPILER_APPICON_NAME = AppIcon;
				ASSETCATALOG_COMPILER_GLOBAL_ACCENT_COLOR_NAME = AccentColor;
				CODE_SIGN_STYLE = Automatic;
				CURRENT_PROJECT_VERSION = 1;
				DEVELOPMENT_ASSET_PATHS = "\"Wu-tang App/Preview Content\"";
				ENABLE_PREVIEWS = YES;
				GENERATE_INFOPLIST_FILE = YES;
				INFOPLIST_KEY_UIApplicationSceneManifest_Generation = YES;
				INFOPLIST_KEY_UIApplicationSupportsIndirectInputEvents = YES;
				INFOPLIST_KEY_UILaunchScreen_Generation = YES;
				INFOPLIST_KEY_UISupportedInterfaceOrientations_iPad = "UIInterfaceOrientationPortrait UIInterfaceOrientationPortraitUpsideDown UIInterfaceOrientationLandscapeLeft UIInterfaceOrientationLandscapeRight";
				INFOPLIST_KEY_UISupportedInterfaceOrientations_iPhone = "UIInterfaceOrientationPortrait UIInterfaceOrientationLandscapeLeft UIInterfaceOrientationLandscapeRight";
				LD_RUNPATH_SEARCH_PATHS = (
					"$(inherited)",
					"@executable_path/Frameworks",
				);
				MARKETING_VERSION = 1.0;
				PRODUCT_BUNDLE_IDENTIFIER = "preciado.Wu-tang-App";
				PRODUCT_NAME = "$(TARGET_NAME)";
				SWIFT_EMIT_LOC_STRINGS = YES;
				SWIFT_VERSION = 5.0;
				TARGETED_DEVICE_FAMILY = "1,2";
			};
			name = Release;
		};
		28B62ED22F90308000B058D9 /* Debug */ = {
			isa = XCBuildConfiguration;
			buildSettings = {
				BUNDLE_LOADER = "$(TEST_HOST)";
				CODE_SIGN_STYLE = Automatic;
				CURRENT_PROJECT_VERSION = 1;
				GENERATE_INFOPLIST_FILE = YES;
				IPHONEOS_DEPLOYMENT_TARGET = 18.2;
				MARKETING_VERSION = 1.0;
				PRODUCT_BUNDLE_IDENTIFIER = "preciado.Wu-tang-AppTests";
				PRODUCT_NAME = "$(TARGET_NAME)";
				SWIFT_EMIT_LOC_STRINGS = NO;
				SWIFT_VERSION = 5.0;
				TARGETED_DEVICE_FAMILY = "1,2";
				TEST_HOST = "$(BUILT_PRODUCTS_DIR)/Wu-tang App.app/$(BUNDLE_EXECUTABLE_FOLDER_PATH)/Wu-tang App";
			};
			name = Debug;
		};
		28B62ED32F90308000B058D9 /* Release */ = {
			isa = XCBuildConfiguration;
			buildSettings = {
				BUNDLE_LOADER = "$(TEST_HOST)";
				CODE_SIGN_STYLE = Automatic;
				CURRENT_PROJECT_VERSION = 1;
				GENERATE_INFOPLIST_FILE = YES;
				IPHONEOS_DEPLOYMENT_TARGET = 18.2;
				MARKETING_VERSION = 1.0;
				PRODUCT_BUNDLE_IDENTIFIER = "preciado.Wu-tang-AppTests";
				PRODUCT_NAME = "$(TARGET_NAME)";
				SWIFT_EMIT_LOC_STRINGS = NO;
				SWIFT_VERSION = 5.0;
				TARGETED_DEVICE_FAMILY = "1,2";
				TEST_HOST = "$(BUILT_PRODUCTS_DIR)/Wu-tang App.app/$(BUNDLE_EXECUTABLE_FOLDER_PATH)/Wu-tang App";
			};
			name = Release;
		};
		28B62ED52F90308000B058D9 /* Debug */ = {
			isa = XCBuildConfiguration;
			buildSettings = {
				CODE_SIGN_STYLE = Automatic;
				CURRENT_PROJECT_VERSION = 1;
				GENERATE_INFOPLIST_FILE = YES;
				MARKETING_VERSION = 1.0;
				PRODUCT_BUNDLE_IDENTIFIER = "preciado.Wu-tang-AppUITests";
				PRODUCT_NAME = "$(TARGET_NAME)";
				SWIFT_EMIT_LOC_STRINGS = NO;
				SWIFT_VERSION = 5.0;
				TARGETED_DEVICE_FAMILY = "1,2";
				TEST_TARGET_NAME = "Wu-tang App";
			};
			name = Debug;
		};
		28B62ED62F90308000B058D9 /* Release */ = {
			isa = XCBuildConfiguration;
			buildSettings = {
				CODE_SIGN_STYLE = Automatic;
				CURRENT_PROJECT_VERSION = 1;
				GENERATE_INFOPLIST_FILE = YES;
				MARKETING_VERSION = 1.0;
				PRODUCT_BUNDLE_IDENTIFIER = "preciado.Wu-tang-AppUITests";
				PRODUCT_NAME = "$(TARGET_NAME)";
				SWIFT_EMIT_LOC_STRINGS = NO;
				SWIFT_VERSION = 5.0;
				TARGETED_DEVICE_FAMILY = "1,2";
				TEST_TARGET_NAME = "Wu-tang App";
			};
			name = Release;
		};
/* End XCBuildConfiguration section */

/* Begin XCConfigurationList section */
		28B62EA52F90307E00B058D9 /* Build configuration list for PBXProject "Wu-tang App" */ = {
			isa = XCConfigurationList;
			buildConfigurations = (
				28B62ECC2F90308000B058D9 /* Debug */,
				28B62ECD2F90308000B058D9 /* Release */,
			);
			defaultConfigurationIsVisible = 0;
			defaultConfigurationName = Release;
		};
		28B62ECE2F90308000B058D9 /* Build configuration list for PBXNativeTarget "Wu-tang App" */ = {
			isa = XCConfigurationList;
			buildConfigurations = (
				28B62ECF2F90308000B058D9 /* Debug */,
				28B62ED02F90308000B058D9 /* Release */,
			);
			defaultConfigurationIsVisible = 0;
			defaultConfigurationName = Release;
		};
		28B62ED12F90308000B058D9 /* Build configuration list for PBXNativeTarget "Wu-tang AppTests" */ = {
			isa = XCConfigurationList;
			buildConfigurations = (
				28B62ED22F90308000B058D9 /* Debug */,
				28B62ED32F90308000B058D9 /* Release */,
			);
			defaultConfigurationIsVisible = 0;
			defaultConfigurationName = Release;
		};
		28B62ED42F90308000B058D9 /* Build configuration list for PBXNativeTarget "Wu-tang AppUITests" */ = {
			isa = XCConfigurationList;
			buildConfigurations = (
				28B62ED52F90308000B058D9 /* Debug */,
				28B62ED62F90308000B058D9 /* Release */,
			);
			defaultConfigurationIsVisible = 0;
			defaultConfigurationName = Release;
		};
/* End XCConfigurationList section */
	};
	rootObject = 28B62EA22F90307E00B058D9 /* Project object */;
}
